
Microsoft Visual Studio Solution File, Format Version 12.00
# Visual Studio Version 17
VisualStudioVersion = 17.14.36017.23 d17.14
MinimumVisualStudioVersion = 10.0.40219.1
Project("{9A19103F-16F7-4668-BE54-9A1E7A4F7556}") = "Monq.Core.ClickHouseBuffer", "src\Monq.Core.ClickHouseBuffer\Monq.Core.ClickHouseBuffer.csproj", "{10D23589-4769-4206-A505-CF6D2890C589}"
EndProject
Project("{2150E333-8FDC-42A3-9474-1A3956D46DE8}") = "Solution Items", "Solution Items", "{6DD2F2FA-F448-4125-824D-A109D7E01119}"
	ProjectSection(SolutionItems) = preProject
		.gitignore = .gitignore
		LICENSE = LICENSE
		.github\workflows\netcorelibrary.yml = .github\workflows\netcorelibrary.yml
		README.md = README.md
	EndProjectSection
EndProject
Project("{9A19103F-16F7-4668-BE54-9A1E7A4F7556}") = "Monq.Core.ClickHouseBuffer.Tests", "src\Monq.Core.ClickHouseBuffer.Tests\Monq.Core.ClickHouseBuffer.Tests.csproj", "{C8B360D5-5A96-4BE6-81EA-4CE8BE8FB2CA}"
EndProject
Project("{FAE04EC0-301F-11D3-BF4B-00C04F79EFBC}") = "Monq.Core.ClickHouseBuffer.PerformanceTests", "src\Monq.Core.ClickHouseBuffer.PerformanceTests\Monq.Core.ClickHouseBuffer.PerformanceTests.csproj", "{F2655A04-5783-4D14-5EEF-138CF2138846}"
EndProject
Global
	GlobalSection(SolutionConfigurationPlatforms) = preSolution
		Debug|Any CPU = Debug|Any CPU
		Release|Any CPU = Release|Any CPU
	EndGlobalSection
	GlobalSection(ProjectConfigurationPlatforms) = postSolution
		{10D23589-4769-4206-A505-CF6D2890C589}.Debug|Any CPU.ActiveCfg = Debug|Any CPU
		{10D23589-4769-4206-A505-CF6D2890C589}.Debug|Any CPU.Build.0 = Debug|Any CPU
		{10D23589-4769-4206-A505-CF6D2890C589}.Release|Any CPU.ActiveCfg = Release|Any CPU
		{10D23589-4769-4206-A505-CF6D2890C589}.Release|Any CPU.Build.0 = Release|Any CPU
		{C8B360D5-5A96-4BE6-81EA-4CE8BE8FB2CA}.Debug|Any CPU.ActiveCfg = Debug|Any CPU
		{C8B360D5-5A96-4BE6-81EA-4CE8BE8FB2CA}.Debug|Any CPU.Build.0 = Debug|Any CPU
		{C8B360D5-5A96-4BE6-81EA-4CE8BE8FB2CA}.Release|Any CPU.ActiveCfg = Release|Any CPU
		{C8B360D5-5A96-4BE6-81EA-4CE8BE8FB2CA}.Release|Any CPU.Build.0 = Release|Any CPU
		{F2655A04-5783-4D14-5EEF-138CF2138846}.Debug|Any CPU.ActiveCfg = Debug|Any CPU
		{F2655A04-5783-4D14-5EEF-138CF2138846}.Debug|Any CPU.Build.0 = Debug|Any CPU
		{F2655A04-5783-4D14-5EEF-138CF2138846}.Release|Any CPU.ActiveCfg = Release|Any CPU
		{F2655A04-5783-4D14-5EEF-138CF2138846}.Release|Any CPU.Build.0 = Release|Any CPU
	EndGlobalSection
	GlobalSection(SolutionProperties) = preSolution
		HideSolutionNode = FALSE
	EndGlobalSection
	GlobalSection(ExtensibilityGlobals) = postSolution
		SolutionGuid = {3A2227B5-FAC1-48C1-B6A3-4C930AE708CC}
	EndGlobalSection
EndGlobal
